// !$*UTF8*$!
{
	archiveVersion = 1;
	classes = {
	};
	objectVersion = 77;
	objects = {

/* Begin PBXBuildFile section */
		15FB2E292DF27232009DBBC9 /* SetCardGame.swift in Sources */ = {isa = PBXBuildFile; fileRef = 15FB2E252DF27232009DBBC9 /* SetCardGame.swift */; };
		15FB2E2A2DF27232009DBBC9 /* SetCardGameView.swift in Sources */ = {isa = PBXBuildFile; fileRef = 15FB2E262DF27232009DBBC9 /* SetCardGameView.swift */; };
		15FB2E2B2DF27232009DBBC9 /* SetApp.swift in Sources */ = {isa = PBXBuildFile; fileRef = 15FB2E242DF27232009DBBC9 /* SetApp.swift */; };
		15FB2E2C2DF27232009DBBC9 /* Tribool.swift in Sources */ = {isa = PBXBuildFile; fileRef = 15FB2E282DF27232009DBBC9 /* Tribool.swift */; };
		15FB2E2D2DF27232009DBBC9 /* SetGame.swift in Sources */ = {isa = PBXBuildFile; fileRef = 15FB2E272DF27232009DBBC9 /* SetGame.swift */; };
		15FB2E2E2DF27232009DBBC9 /* AspectVGrid.swift in Sources */ = {isa = PBXBuildFile; fileRef = 15FB2E232DF27232009DBBC9 /* AspectVGrid.swift */; };
		15FB2E302DF2A7C7009DBBC9 /* SetElement.swift in Sources */ = {isa = PBXBuildFile; fileRef = 15FB2E2F2DF2A7C4009DBBC9 /* SetElement.swift */; };
/* End PBXBuildFile section */

/* Begin PBXContainerItemProxy section */
		15FB2DCD2DF252DC009DBBC9 /* PBXContainerItemProxy */ = {
			isa = PBXContainerItemProxy;
			containerPortal = 15FB2DB72DF252DA009DBBC9 /* Project object */;
			proxyType = 1;
			remoteGlobalIDString = 15FB2DBE2DF252DA009DBBC9;
			remoteInfo = Set;
		};
		15FB2DD72DF252DC009DBBC9 /* PBXContainerItemProxy */ = {
			isa = PBXContainerItemProxy;
			containerPortal = 15FB2DB72DF252DA009DBBC9 /* Project object */;
			proxyType = 1;
			remoteGlobalIDString = 15FB2DBE2DF252DA009DBBC9;
			remoteInfo = Set;
		};
/* End PBXContainerItemProxy section */

/* Begin PBXFileReference section */
		15FB2DBF2DF252DA009DBBC9 /* Set.app */ = {isa = PBXFileReference; explicitFileType = wrapper.application; includeInIndex = 0; path = Set.app; sourceTree = BUILT_PRODUCTS_DIR; };
		15FB2DCC2DF252DC009DBBC9 /* SetTests.xctest */ = {isa = PBXFileReference; explicitFileType = wrapper.cfbundle; includeInIndex = 0; path = SetTests.xctest; sourceTree = BUILT_PRODUCTS_DIR; };
		15FB2DD62DF252DC009DBBC9 /* SetUITests.xctest */ = {isa = PBXFileReference; explicitFileType = wrapper.cfbundle; includeInIndex = 0; path = SetUITests.xctest; sourceTree = BUILT_PRODUCTS_DIR; };
		15FB2E232DF27232009DBBC9 /* AspectVGrid.swift */ = {isa = PBXFileReference; lastKnownFileType = sourcecode.swift; path = AspectVGrid.swift; sourceTree = "<group>"; };
		15FB2E242DF27232009DBBC9 /* SetApp.swift */ = {isa = PBXFileReference; lastKnownFileType = sourcecode.swift; path = SetApp.swift; sourceTree = "<group>"; };
		15FB2E252DF27232009DBBC9 /* SetCardGame.swift */ = {isa = PBXFileReference; lastKnownFileType = sourcecode.swift; path = SetCardGame.swift; sourceTree = "<group>"; };
		15FB2E262DF27232009DBBC9 /* SetCardGameView.swift */ = {isa = PBXFileReference; lastKnownFileType = sourcecode.swift; path = SetCardGameView.swift; sourceTree = "<group>"; };
		15FB2E272DF27232009DBBC9 /* SetGame.swift */ = {isa = PBXFileReference; lastKnownFileType = sourcecode.swift; path = SetGame.swift; sourceTree = "<group>"; };
		15FB2E282DF27232009DBBC9 /* Tribool.swift */ = {isa = PBXFileReference; lastKnownFileType = sourcecode.swift; path = Tribool.swift; sourceTree = "<group>"; };
		15FB2E2F2DF2A7C4009DBBC9 /* SetElement.swift */ = {isa = PBXFileReference; lastKnownFileType = sourcecode.swift; path = SetElement.swift; sourceTree = "<group>"; };
/* End PBXFileReference section */

/* Begin PBXFileSystemSynchronizedRootGroup section */
		15FB2DCF2DF252DC009DBBC9 /* SetTests */ = {
			isa = PBXFileSystemSynchronizedRootGroup;
			path = SetTests;
			sourceTree = "<group>";
		};
		15FB2DD92DF252DC009DBBC9 /* SetUITests */ = {
			isa = PBXFileSystemSynchronizedRootGroup;
			path = SetUITests;
			sourceTree = "<group>";
		};
/* End PBXFileSystemSynchronizedRootGroup section */

/* Begin PBXFrameworksBuildPhase section */
		15FB2DBC2DF252DA009DBBC9 /* Frameworks */ = {
			isa = PBXFrameworksBuildPhase;
			buildActionMask = 2147483647;
			files = (
			);
			runOnlyForDeploymentPostprocessing = 0;
		};
		15FB2DC92DF252DC009DBBC9 /* Frameworks */ = {
			isa = PBXFrameworksBuildPhase;
			buildActionMask = 2147483647;
			files = (
			);
			runOnlyForDeploymentPostprocessing = 0;
		};
		15FB2DD32DF252DC009DBBC9 /* Frameworks */ = {
			isa = PBXFrameworksBuildPhase;
			buildActionMask = 2147483647;
			files = (
			);
			runOnlyForDeploymentPostprocessing = 0;
		};
/* End PBXFrameworksBuildPhase section */

/* Begin PBXGroup section */
		15FB2DB62DF252DA009DBBC9 = {
			isa = PBXGroup;
			children = (
				15FB2E1C2DF270CE009DBBC9 /* Set */,
				15FB2DCF2DF252DC009DBBC9 /* SetTests */,
				15FB2DD92DF252DC009DBBC9 /* SetUITests */,
				15FB2DC02DF252DA009DBBC9 /* Products */,
			);
			sourceTree = "<group>";
		};
		15FB2DC02DF252DA009DBBC9 /* Products */ = {
			isa = PBXGroup;
			children = (
				15FB2DBF2DF252DA009DBBC9 /* Set.app */,
				15FB2DCC2DF252DC009DBBC9 /* SetTests.xctest */,
				15FB2DD62DF252DC009DBBC9 /* SetUITests.xctest */,
			);
			name = Products;
			sourceTree = "<group>";
		};
		15FB2E1C2DF270CE009DBBC9 /* Set */ = {
			isa = PBXGroup;
			children = (
				15FB2E232DF27232009DBBC9 /* AspectVGrid.swift */,
				15FB2E242DF27232009DBBC9 /* SetApp.swift */,
				15FB2E252DF27232009DBBC9 /* SetCardGame.swift */,
				15FB2E262DF27232009DBBC9 /* SetCardGameView.swift */,
				15FB2E272DF27232009DBBC9 /* SetGame.swift */,
				15FB2E282DF27232009DBBC9 /* Tribool.swift */,
				15FB2E2F2DF2A7C4009DBBC9 /* SetElement.swift */,
			);
			path = Set;
			sourceTree = "<group>";
		};
/* End PBXGroup section */

/* Begin PBXNativeTarget section */
		15FB2DBE2DF252DA009DBBC9 /* Set */ = {
			isa = PBXNativeTarget;
			buildConfigurationList = 15FB2DE02DF252DC009DBBC9 /* Build configuration list for PBXNativeTarget "Set" */;
			buildPhases = (
				15FB2DBB2DF252DA009DBBC9 /* Sources */,
				15FB2DBC2DF252DA009DBBC9 /* Frameworks */,
				15FB2DBD2DF252DA009DBBC9 /* Resources */,
			);
			buildRules = (
			);
			dependencies = (
			);
			name = Set;
			packageProductDependencies = (
			);
			productName = Set;
			productReference = 15FB2DBF2DF252DA009DBBC9 /* Set.app */;
			productType = "com.apple.product-type.application";
		};
		15FB2DCB2DF252DC009DBBC9 /* SetTests */ = {
			isa = PBXNativeTarget;
			buildConfigurationList = 15FB2DE32DF252DC009DBBC9 /* Build configuration list for PBXNativeTarget "SetTests" */;
			buildPhases = (
				15FB2DC82DF252DC009DBBC9 /* Sources */,
				15FB2DC92DF252DC009DBBC9 /* Frameworks */,
				15FB2DCA2DF252DC009DBBC9 /* Resources */,
			);
			buildRules = (
			);
			dependencies = (
				15FB2DCE2DF252DC009DBBC9 /* PBXTargetDependency */,
			);
			fileSystemSynchronizedGroups = (
				15FB2DCF2DF252DC009DBBC9 /* SetTests */,
			);
			name = SetTests;
			packageProductDependencies = (
			);
			productName = SetTests;
			productReference = 15FB2DCC2DF252DC009DBBC9 /* SetTests.xctest */;
			productType = "com.apple.product-type.bundle.unit-test";
		};
		15FB2DD52DF252DC009DBBC9 /* SetUITests */ = {
			isa = PBXNativeTarget;
			buildConfigurationList = 15FB2DE62DF252DC009DBBC9 /* Build configuration list for PBXNativeTarget "SetUITests" */;
			buildPhases = (
				15FB2DD22DF252DC009DBBC9 /* Sources */,
				15FB2DD32DF252DC009DBBC9 /* Frameworks */,
				15FB2DD42DF252DC009DBBC9 /* Resources */,
			);
			buildRules = (
			);
			dependencies = (
				15FB2DD82DF252DC009DBBC9 /* PBXTargetDependency */,
			);
			fileSystemSynchronizedGroups = (
				15FB2DD92DF252DC009DBBC9 /* SetUITests */,
			);
			name = SetUITests;
			packageProductDependencies = (
			);
			productName = SetUITests;
			productReference = 15FB2DD62DF252DC009DBBC9 /* SetUITests.xctest */;
			productType = "com.apple.product-type.bundle.ui-testing";
		};
/* End PBXNativeTarget section */

/* Begin PBXProject section */
		15FB2DB72DF252DA009DBBC9 /* Project object */ = {
			isa = PBXProject;
			attributes = {
				BuildIndependentTargetsInParallel = 1;
				LastSwiftUpdateCheck = 1630;
				LastUpgradeCheck = 1630;
				TargetAttributes = {
					15FB2DBE2DF252DA009DBBC9 = {
						CreatedOnToolsVersion = 16.3;
						LastSwiftMigration = 1630;
					};
					15FB2DCB2DF252DC009DBBC9 = {
						CreatedOnToolsVersion = 16.3;
						TestTargetID = 15FB2DBE2DF252DA009DBBC9;
					};
					15FB2DD52DF252DC009DBBC9 = {
						CreatedOnToolsVersion = 16.3;
						TestTargetID = 15FB2DBE2DF252DA009DBBC9;
					};
				};
			};
			buildConfigurationList = 15FB2DBA2DF252DA009DBBC9 /* Build configuration list for PBXProject "Set" */;
			developmentRegion = en;
			hasScannedForEncodings = 0;
			knownRegions = (
				en,
				Base,
			);
			mainGroup = 15FB2DB62DF252DA009DBBC9;
			minimizedProjectReferenceProxies = 1;
			preferredProjectObjectVersion = 77;
			productRefGroup = 15FB2DC02DF252DA009DBBC9 /* Products */;
			projectDirPath = "";
			projectRoot = "";
			targets = (
				15FB2DBE2DF252DA009DBBC9 /* Set */,
				15FB2DCB2DF252DC009DBBC9 /* SetTests */,
				15FB2DD52DF252DC009DBBC9 /* SetUITests */,
			);
		};
/* End PBXProject section */

/* Begin PBXResourcesBuildPhase section */
		15FB2DBD2DF252DA009DBBC9 /* Resources */ = {
			isa = PBXResourcesBuildPhase;
			buildActionMask = 2147483647;
			files = (
			);
			runOnlyForDeploymentPostprocessing = 0;
		};
		15FB2DCA2DF252DC009DBBC9 /* Resources */ = {
			isa = PBXResourcesBuildPhase;
			buildActionMask = 2147483647;
			files = (
			);
			runOnlyForDeploymentPostprocessing = 0;
		};
		15FB2DD42DF252DC009DBBC9 /* Resources */ = {
			isa = PBXResourcesBuildPhase;
			buildActionMask = 2147483647;
			files = (
			);
			runOnlyForDeploymentPostprocessing = 0;
		};
/* End PBXResourcesBuildPhase section */

/* Begin PBXSourcesBuildPhase section */
		15FB2DBB2DF252DA009DBBC9 /* Sources */ = {
			isa = PBXSourcesBuildPhase;
			buildActionMask = 2147483647;
			files = (
				15FB2E302DF2A7C7009DBBC9 /* SetElement.swift in Sources */,
				15FB2E292DF27232009DBBC9 /* SetCardGame.swift in Sources */,
				15FB2E2A2DF27232009DBBC9 /* SetCardGameView.swift in Sources */,
				15FB2E2B2DF27232009DBBC9 /* SetApp.swift in Sources */,
				15FB2E2C2DF27232009DBBC9 /* Tribool.swift in Sources */,
				15FB2E2D2DF27232009DBBC9 /* SetGame.swift in Sources */,
				15FB2E2E2DF27232009DBBC9 /* AspectVGrid.swift in Sources */,
			);
			runOnlyForDeploymentPostprocessing = 0;
		};
		15FB2DC82DF252DC009DBBC9 /* Sources */ = {
			isa = PBXSourcesBuildPhase;
			buildActionMask = 2147483647;
			files = (
			);
			runOnlyForDeploymentPostprocessing = 0;
		};
		15FB2DD22DF252DC009DBBC9 /* Sources */ = {
			isa = PBXSourcesBuildPhase;
			buildActionMask = 2147483647;
			files = (
			);
			runOnlyForDeploymentPostprocessing = 0;
		};
/* End PBXSourcesBuildPhase section */

/* Begin PBXTargetDependency section */
		15FB2DCE2DF252DC009DBBC9 /* PBXTargetDependency */ = {
			isa = PBXTargetDependency;
			target = 15FB2DBE2DF252DA009DBBC9 /* Set */;
			targetProxy = 15FB2DCD2DF252DC009DBBC9 /* PBXContainerItemProxy */;
		};
		15FB2DD82DF252DC009DBBC9 /* PBXTargetDependency */ = {
			isa = PBXTargetDependency;
			target = 15FB2DBE2DF252DA009DBBC9 /* Set */;
			targetProxy = 15FB2DD72DF252DC009DBBC9 /* PBXContainerItemProxy */;
		};
/* End PBXTargetDependency section */

/* Begin XCBuildConfiguration section */
		15FB2DDE2DF252DC009DBBC9 /* Debug */ = {
			isa = XCBuildConfiguration;
			buildSettings = {
				ALWAYS_SEARCH_USER_PATHS = NO;
				ASSETCATALOG_COMPILER_GENERATE_SWIFT_ASSET_SYMBOL_EXTENSIONS = YES;
				CLANG_ANALYZER_NONNULL = YES;
				CLANG_ANALYZER_NUMBER_OBJECT_CONVERSION = YES_AGGRESSIVE;
				CLANG_CXX_LANGUAGE_STANDARD = "gnu++20";
				CLANG_ENABLE_MODULES = YES;
				CLANG_ENABLE_OBJC_ARC = YES;
				CLANG_ENABLE_OBJC_WEAK = YES;
				CLANG_WARN_BLOCK_CAPTURE_AUTORELEASING = YES;
				CLANG_WARN_BOOL_CONVERSION = YES;
				CLANG_WARN_COMMA = YES;
				CLANG_WARN_CONSTANT_CONVERSION = YES;
				CLANG_WARN_DEPRECATED_OBJC_IMPLEMENTATIONS = YES;
				CLANG_WARN_DIRECT_OBJC_ISA_USAGE = YES_ERROR;
				CLANG_WARN_DOCUMENTATION_COMMENTS = YES;
				CLANG_WARN_EMPTY_BODY = YES;
				CLANG_WARN_ENUM_CONVERSION = YES;
				CLANG_WARN_INFINITE_RECURSION = YES;
				CLANG_WARN_INT_CONVERSION = YES;
				CLANG_WARN_NON_LITERAL_NULL_CONVERSION = YES;
				CLANG_WARN_OBJC_IMPLICIT_RETAIN_SELF = YES;
				CLANG_WARN_OBJC_LITERAL_CONVERSION = YES;
				CLANG_WARN_OBJC_ROOT_CLASS = YES_ERROR;
				CLANG_WARN_QUOTED_INCLUDE_IN_FRAMEWORK_HEADER = YES;
				CLANG_WARN_RANGE_LOOP_ANALYSIS = YES;
				CLANG_WARN_STRICT_PROTOTYPES = YES;
				CLANG_WARN_SUSPICIOUS_MOVE = YES;
				CLANG_WARN_UNGUARDED_AVAILABILITY = YES_AGGRESSIVE;
				CLANG_WARN_UNREACHABLE_CODE = YES;
				CLANG_WARN__DUPLICATE_METHOD_MATCH = YES;
				COPY_PHASE_STRIP = NO;
				DEBUG_INFORMATION_FORMAT = dwarf;
				DEVELOPMENT_TEAM = H728QWZ6SA;
				ENABLE_STRICT_OBJC_MSGSEND = YES;
				ENABLE_TESTABILITY = YES;
				ENABLE_USER_SCRIPT_SANDBOXING = YES;
				GCC_C_LANGUAGE_STANDARD = gnu17;
				GCC_DYNAMIC_NO_PIC = NO;
				GCC_NO_COMMON_BLOCKS = YES;
				GCC_OPTIMIZATION_LEVEL = 0;
				GCC_PREPROCESSOR_DEFINITIONS = (
					"DEBUG=1",
					"$(inherited)",
				);
				GCC_WARN_64_TO_32_BIT_CONVERSION = YES;
				GCC_WARN_ABOUT_RETURN_TYPE = YES_ERROR;
				GCC_WARN_UNDECLARED_SELECTOR = YES;
				GCC_WARN_UNINITIALIZED_AUTOS = YES_AGGRESSIVE;
				GCC_WARN_UNUSED_FUNCTION = YES;
				GCC_WARN_UNUSED_VARIABLE = YES;
				IPHONEOS_DEPLOYMENT_TARGET = 18.4;
				LOCALIZATION_PREFERS_STRING_CATALOGS = YES;
				MTL_ENABLE_DEBUG_INFO = INCLUDE_SOURCE;
				MTL_FAST_MATH = YES;
				ONLY_ACTIVE_ARCH = YES;
				SDKROOT = iphoneos;
				SWIFT_ACTIVE_COMPILATION_CONDITIONS = "DEBUG $(inherited)";
				SWIFT_OPTIMIZATION_LEVEL = "-Onone";
			};
			name = Debug;
		};
		15FB2DDF2DF252DC009DBBC9 /* Release */ = {
			isa = XCBuildConfiguration;
			buildSettings = {
				ALWAYS_SEARCH_USER_PATHS = NO;
				ASSETCATALOG_COMPILER_GENERATE_SWIFT_ASSET_SYMBOL_EXTENSIONS = YES;
				CLANG_ANALYZER_NONNULL = YES;
				CLANG_ANALYZER_NUMBER_OBJECT_CONVERSION = YES_AGGRESSIVE;
				CLANG_CXX_LANGUAGE_STANDARD = "gnu++20";
				CLANG_ENABLE_MODULES = YES;
				CLANG_ENABLE_OBJC_ARC = YES;
				CLANG_ENABLE_OBJC_WEAK = YES;
				CLANG_WARN_BLOCK_CAPTURE_AUTORELEASING = YES;
				CLANG_WARN_BOOL_CONVERSION = YES;
				CLANG_WARN_COMMA = YES;
				CLANG_WARN_CONSTANT_CONVERSION = YES;
				CLANG_WARN_DEPRECATED_OBJC_IMPLEMENTATIONS = YES;
				CLANG_WARN_DIRECT_OBJC_ISA_USAGE = YES_ERROR;
				CLANG_WARN_DOCUMENTATION_COMMENTS = YES;
				CLANG_WARN_EMPTY_BODY = YES;
				CLANG_WARN_ENUM_CONVERSION = YES;
				CLANG_WARN_INFINITE_RECURSION = YES;
				CLANG_WARN_INT_CONVERSION = YES;
				CLANG_WARN_NON_LITERAL_NULL_CONVERSION = YES;
				CLANG_WARN_OBJC_IMPLICIT_RETAIN_SELF = YES;
				CLANG_WARN_OBJC_LITERAL_CONVERSION = YES;
				CLANG_WARN_OBJC_ROOT_CLASS = YES_ERROR;
				CLANG_WARN_QUOTED_INCLUDE_IN_FRAMEWORK_HEADER = YES;
				CLANG_WARN_RANGE_LOOP_ANALYSIS = YES;
				CLANG_WARN_STRICT_PROTOTYPES = YES;
				CLANG_WARN_SUSPICIOUS_MOVE = YES;
				CLANG_WARN_UNGUARDED_AVAILABILITY = YES_AGGRESSIVE;
				CLANG_WARN_UNREACHABLE_CODE = YES;
				CLANG_WARN__DUPLICATE_METHOD_MATCH = YES;
				COPY_PHASE_STRIP = NO;
				DEBUG_INFORMATION_FORMAT = "dwarf-with-dsym";
				DEVELOPMENT_TEAM = H728QWZ6SA;
				ENABLE_NS_ASSERTIONS = NO;
				ENABLE_STRICT_OBJC_MSGSEND = YES;
				ENABLE_USER_SCRIPT_SANDBOXING = YES;
				GCC_C_LANGUAGE_STANDARD = gnu17;
				GCC_NO_COMMON_BLOCKS = YES;
				GCC_WARN_64_TO_32_BIT_CONVERSION = YES;
				GCC_WARN_ABOUT_RETURN_TYPE = YES_ERROR;
				GCC_WARN_UNDECLARED_SELECTOR = YES;
				GCC_WARN_UNINITIALIZED_AUTOS = YES_AGGRESSIVE;
				GCC_WARN_UNUSED_FUNCTION = YES;
				GCC_WARN_UNUSED_VARIABLE = YES;
				IPHONEOS_DEPLOYMENT_TARGET = 18.4;
				LOCALIZATION_PREFERS_STRING_CATALOGS = YES;
				MTL_ENABLE_DEBUG_INFO = NO;
				MTL_FAST_MATH = YES;
				SDKROOT = iphoneos;
				SWIFT_COMPILATION_MODE = wholemodule;
				VALIDATE_PRODUCT = YES;
			};
			name = Release;
		};
		15FB2DE12DF252DC009DBBC9 /* Debug */ = {
			isa = XCBuildConfiguration;
			buildSettings = {
				ASSETCATALOG_COMPILER_APPICON_NAME = AppIcon;
				ASSETCATALOG_COMPILER_GLOBAL_ACCENT_COLOR_NAME = AccentColor;
				CLANG_ENABLE_MODULES = YES;
				CODE_SIGN_STYLE = Automatic;
				CURRENT_PROJECT_VERSION = 1;
				DEVELOPMENT_TEAM = H728QWZ6SA;
				ENABLE_PREVIEWS = YES;
				GENERATE_INFOPLIST_FILE = YES;
				INFOPLIST_KEY_UIApplicationSceneManifest_Generation = YES;
				INFOPLIST_KEY_UIApplicationSupportsIndirectInputEvents = YES;
				INFOPLIST_KEY_UILaunchScreen_Generation = YES;
				INFOPLIST_KEY_UISupportedInterfaceOrientations_iPad = "UIInterfaceOrientationPortrait UIInterfaceOrientationPortraitUpsideDown UIInterfaceOrientationLandscapeLeft UIInterfaceOrientationLandscapeRight";
				INFOPLIST_KEY_UISupportedInterfaceOrientations_iPhone = "UIInterfaceOrientationPortrait UIInterfaceOrientationLandscapeLeft UIInterfaceOrientationLandscapeRight";
				LD_RUNPATH_SEARCH_PATHS = (
					"$(inherited)",
					"@executable_path/Frameworks",
				);
				MARKETING_VERSION = 1.0;
				PRODUCT_BUNDLE_IDENTIFIER = JakeAR.Set;
				PRODUCT_NAME = "$(TARGET_NAME)";
				SWIFT_EMIT_LOC_STRINGS = YES;
				SWIFT_OPTIMIZATION_LEVEL = "-Onone";
				SWIFT_VERSION = 5.0;
				TARGETED_DEVICE_FAMILY = "1,2";
			};
			name = Debug;
		};
		15FB2DE22DF252DC009DBBC9 /* Release */ = {
			isa = XCBuildConfiguration;
			buildSettings = {
				ASSETCATALOG_COMPILER_APPICON_NAME = AppIcon;
				ASSETCATALOG_COMPILER_GLOBAL_ACCENT_COLOR_NAME = AccentColor;
				CLANG_ENABLE_MODULES = YES;
				CODE_SIGN_STYLE = Automatic;
				CURRENT_PROJECT_VERSION = 1;
				DEVELOPMENT_TEAM = H728QWZ6SA;
				ENABLE_PREVIEWS = YES;
				GENERATE_INFOPLIST_FILE = YES;
				INFOPLIST_KEY_UIApplicationSceneManifest_Generation = YES;
				INFOPLIST_KEY_UIApplicationSupportsIndirectInputEvents = YES;
				INFOPLIST_KEY_UILaunchScreen_Generation = YES;
				INFOPLIST_KEY_UISupportedInterfaceOrientations_iPad = "UIInterfaceOrientationPortrait UIInterfaceOrientationPortraitUpsideDown UIInterfaceOrientationLandscapeLeft UIInterfaceOrientationLandscapeRight";
				INFOPLIST_KEY_UISupportedInterfaceOrientations_iPhone = "UIInterfaceOrientationPortrait UIInterfaceOrientationLandscapeLeft UIInterfaceOrientationLandscapeRight";
				LD_RUNPATH_SEARCH_PATHS = (
					"$(inherited)",
					"@executable_path/Frameworks",
				);
				MARKETING_VERSION = 1.0;
				PRODUCT_BUNDLE_IDENTIFIER = JakeAR.Set;
				PRODUCT_NAME = "$(TARGET_NAME)";
				SWIFT_EMIT_LOC_STRINGS = YES;
				SWIFT_VERSION = 5.0;
				TARGETED_DEVICE_FAMILY = "1,2";
			};
			name = Release;
		};
		15FB2DE42DF252DC009DBBC9 /* Debug */ = {
			isa = XCBuildConfiguration;
			buildSettings = {
				BUNDLE_LOADER = "$(TEST_HOST)";
				CODE_SIGN_STYLE = Automatic;
				CURRENT_PROJECT_VERSION = 1;
				DEVELOPMENT_TEAM = H728QWZ6SA;
				GENERATE_INFOPLIST_FILE = YES;
				IPHONEOS_DEPLOYMENT_TARGET = 18.4;
				MARKETING_VERSION = 1.0;
				PRODUCT_BUNDLE_IDENTIFIER = JakeAR.SetTests;
				PRODUCT_NAME = "$(TARGET_NAME)";
				SWIFT_EMIT_LOC_STRINGS = NO;
				SWIFT_VERSION = 5.0;
				TARGETED_DEVICE_FAMILY = "1,2";
				TEST_HOST = "$(BUILT_PRODUCTS_DIR)/Set.app/$(BUNDLE_EXECUTABLE_FOLDER_PATH)/Set";
			};
			name = Debug;
		};
		15FB2DE52DF252DC009DBBC9 /* Release */ = {
			isa = XCBuildConfiguration;
			buildSettings = {
				BUNDLE_LOADER = "$(TEST_HOST)";
				CODE_SIGN_STYLE = Automatic;
				CURRENT_PROJECT_VERSION = 1;
				DEVELOPMENT_TEAM = H728QWZ6SA;
				GENERATE_INFOPLIST_FILE = YES;
				IPHONEOS_DEPLOYMENT_TARGET = 18.4;
				MARKETING_VERSION = 1.0;
				PRODUCT_BUNDLE_IDENTIFIER = JakeAR.SetTests;
				PRODUCT_NAME = "$(TARGET_NAME)";
				SWIFT_EMIT_LOC_STRINGS = NO;
				SWIFT_VERSION = 5.0;
				TARGETED_DEVICE_FAMILY = "1,2";
				TEST_HOST = "$(BUILT_PRODUCTS_DIR)/Set.app/$(BUNDLE_EXECUTABLE_FOLDER_PATH)/Set";
			};
			name = Release;
		};
		15FB2DE72DF252DC009DBBC9 /* Debug */ = {
			isa = XCBuildConfiguration;
			buildSettings = {
				CODE_SIGN_STYLE = Automatic;
				CURRENT_PROJECT_VERSION = 1;
				DEVELOPMENT_TEAM = H728QWZ6SA;
				GENERATE_INFOPLIST_FILE = YES;
				MARKETING_VERSION = 1.0;
				PRODUCT_BUNDLE_IDENTIFIER = JakeAR.SetUITests;
				PRODUCT_NAME = "$(TARGET_NAME)";
				SWIFT_EMIT_LOC_STRINGS = NO;
				SWIFT_VERSION = 5.0;
				TARGETED_DEVICE_FAMILY = "1,2";
				TEST_TARGET_NAME = Set;
			};
			name = Debug;
		};
		15FB2DE82DF252DC009DBBC9 /* Release */ = {
			isa = XCBuildConfiguration;
			buildSettings = {
				CODE_SIGN_STYLE = Automatic;
				CURRENT_PROJECT_VERSION = 1;
				DEVELOPMENT_TEAM = H728QWZ6SA;
				GENERATE_INFOPLIST_FILE = YES;
				MARKETING_VERSION = 1.0;
				PRODUCT_BUNDLE_IDENTIFIER = JakeAR.SetUITests;
				PRODUCT_NAME = "$(TARGET_NAME)";
				SWIFT_EMIT_LOC_STRINGS = NO;
				SWIFT_VERSION = 5.0;
				TARGETED_DEVICE_FAMILY = "1,2";
				TEST_TARGET_NAME = Set;
			};
			name = Release;
		};
/* End XCBuildConfiguration section */

/* Begin XCConfigurationList section */
		15FB2DBA2DF252DA009DBBC9 /* Build configuration list for PBXProject "Set" */ = {
			isa = XCConfigurationList;
			buildConfigurations = (
				15FB2DDE2DF252DC009DBBC9 /* Debug */,
				15FB2DDF2DF252DC009DBBC9 /* Release */,
			);
			defaultConfigurationIsVisible = 0;
			defaultConfigurationName = Release;
		};
		15FB2DE02DF252DC009DBBC9 /* Build configuration list for PBXNativeTarget "Set" */ = {
			isa = XCConfigurationList;
			buildConfigurations = (
				15FB2DE12DF252DC009DBBC9 /* Debug */,
				15FB2DE22DF252DC009DBBC9 /* Release */,
			);
			defaultConfigurationIsVisible = 0;
			defaultConfigurationName = Release;
		};
		15FB2DE32DF252DC009DBBC9 /* Build configuration list for PBXNativeTarget "SetTests" */ = {
			isa = XCConfigurationList;
			buildConfigurations = (
				15FB2DE42DF252DC009DBBC9 /* Debug */,
				15FB2DE52DF252DC009DBBC9 /* Release */,
			);
			defaultConfigurationIsVisible = 0;
			defaultConfigurationName = Release;
		};
		15FB2DE62DF252DC009DBBC9 /* Build configuration list for PBXNativeTarget "SetUITests" */ = {
			isa = XCConfigurationList;
			buildConfigurations = (
				15FB2DE72DF252DC009DBBC9 /* Debug */,
				15FB2DE82DF252DC009DBBC9 /* Release */,
			);
			defaultConfigurationIsVisible = 0;
			defaultConfigurationName = Release;
		};
/* End XCConfigurationList section */
	};
	rootObject = 15FB2DB72DF252DA009DBBC9 /* Project object */;
}
